
Microsoft Visual Studio Solution File, Format Version 12.00
# Visual Studio Version 17
VisualStudioVersion = 17.8.34330.188
MinimumVisualStudioVersion = 10.0.40219.1
Project("{9A19103F-16F7-4668-BE54-9A1E7A4F7556}") = "Book_Managment.API", "Book_Managment\Book_Managment.API.csproj", "{28850BAF-110C-4FE8-A24E-40E726A78F42}"
EndProject
Global
	GlobalSection(SolutionConfigurationPlatforms) = preSolution
		Debug|Any CPU = Debug|Any CPU
		Release|Any CPU = Release|Any CPU
	EndGlobalSection
	GlobalSection(ProjectConfigurationPlatforms) = postSolution
		{28850BAF-110C-4FE8-A24E-40E726A78F42}.Debug|Any CPU.ActiveCfg = Debug|Any CPU
		{28850BAF-110C-4FE8-A24E-40E726A78F42}.Debug|Any CPU.Build.0 = Debug|Any CPU
		{28850BAF-110C-4FE8-A24E-40E726A78F42}.Release|Any CPU.ActiveCfg = Release|Any CPU
		{28850BAF-110C-4FE8-A24E-40E726A78F42}.Release|Any CPU.Build.0 = Release|Any CPU
	EndGlobalSection
	GlobalSection(SolutionProperties) = preSolution
		HideSolutionNode = FALSE
	EndGlobalSection
	GlobalSection(ExtensibilityGlobals) = postSolution
		SolutionGuid = {8CB3F598-94A1-4450-983E-9061D7A26541}
	EndGlobalSection
EndGlobal
